# Pinned dependencies for the gatekeeper image (Python 3.11, linux x86_64 + aarch64).
# torch comes from PyTorch's CPU-only index: the PyPI build pulls ~17 NVIDIA CUDA packages
# (several GB) that are useless without an NVIDIA GPU.
# Regenerate after changing dependencies in pyproject.toml:
#   uv pip compile pyproject.toml --extra speech --extra talkback --extra doorbell \
#     --python-version 3.11 --universal --no-header --annotation-style line \
#     --extra-index-url https://download.pytorch.org/whl/cpu \
#     --index-strategy unsafe-best-match --emit-index-url -o requirements.lock
--index-url https://pypi.org/simple
--index-url https://pypi.org/simple
--extra-index-url https://download.pytorch.org/whl/cpu

addict==2.4.0             # via misaki
aiohappyeyeballs==2.7.1   # via aiohttp
aiohttp==3.14.3           # via reolink-aio, gatekeeper (pyproject.toml)
aioice==0.10.2            # via aiortc
aiortc==1.15.0            # via gatekeeper (pyproject.toml)
aiortsp==1.4.0            # via reolink-aio
aiosignal==1.4.0          # via aiohttp
annotated-doc==0.0.5      # via typer
annotated-types==0.8.0    # via pydantic
anyio==4.15.1             # via httpx
attrs==26.1.0             # via aiohttp, jsonschema, phonemizer-fork, referencing
av==17.1.0                # via aiortc, faster-whisper
babel==2.18.0             # via csvw
blis==1.3.3               # via thinc
catalogue==2.0.10         # via spacy, srsly, thinc
certifi==2026.7.22        # via httpcore, httpx, requests
cffi==2.1.1               # via cryptography, pylibsrtp, soundfile
charset-normalizer==3.5.2  # via requests
click==8.5.0              # via huggingface-hub, spacy
cloudpathlib==0.25.0      # via weasel
cloudpickle==3.1.2        # via joblib
colorama==0.4.6 ; sys_platform == 'win32'  # via loguru, tqdm, typer, wasabi
confection==1.3.3         # via spacy, thinc, weasel
cryptography==50.0.2      # via aiortc, pyopenssl
csvw==4.1.0               # via segments
ctranslate2==4.8.2        # via faster-whisper
curated-tokenizers==0.0.10  # via spacy-curated-transformers
curated-transformers==0.1.1  # via spacy-curated-transformers
cymem==2.0.13             # via preshed, spacy, thinc
dlinfo==2.0.0             # via phonemizer-fork
dnspython==2.8.0          # via aioice
docopt==0.6.2             # via num2words
dpkt==1.9.8               # via aiortsp
en-core-web-sm @ https://github.com/explosion/spacy-models/releases/download/en_core_web_sm-3.8.0/en_core_web_sm-3.8.0-py3-none-any.whl  # via gatekeeper (pyproject.toml)
espeakng-loader==0.2.4    # via misaki
faster-whisper==1.2.1     # via gatekeeper (pyproject.toml)
filelock==4.0.9           # via huggingface-hub, torch
flatbuffers==25.12.19     # via onnxruntime
frozenlist==1.8.0         # via aiohttp, aiosignal
fsspec==2026.9.0          # via huggingface-hub, torch
google-crc32c==1.9.0      # via aiortc
h11==0.16.0               # via httpcore
hf-xet==1.6.0 ; platform_machine == 'AMD64' or platform_machine == 'aarch64' or platform_machine == 'amd64' or platform_machine == 'arm64' or platform_machine == 'x86_64'  # via huggingface-hub
httpcore==1.0.9           # via httpx
httpx==0.28.1             # via huggingface-hub, weasel
huggingface-hub==1.33.0   # via faster-whisper, kokoro, tokenizers, transformers
idna==3.20                # via anyio, httpx, requests, yarl
ifaddr==0.2.0             # via aioice
isodate==0.7.2            # via csvw
jinja2==3.1.6             # via spacy, torch
joblib==1.6.0             # via phonemizer-fork
jsonschema==4.26.0        # via csvw
jsonschema-specifications==2025.9.1  # via jsonschema
kokoro==0.9.4             # via gatekeeper (pyproject.toml)
language-tags==1.3.1      # via csvw
loguru==0.7.3             # via kokoro
markdown-it-py==4.2.0     # via rich
markupsafe==3.0.3         # via jinja2
mdurl==0.1.2              # via markdown-it-py
misaki==0.9.4             # via kokoro
mpmath==1.3.0             # via sympy
multidict==6.9.1          # via aiohttp, yarl
murmurhash==1.0.15        # via preshed, spacy, thinc
networkx==3.6.1 ; python_full_version < '3.12'  # via torch
networkx==3.7 ; python_full_version >= '3.12'  # via torch
num2words==0.5.14         # via misaki
numpy==2.4.6 ; python_full_version < '3.12'  # via blis, ctranslate2, kokoro, onnxruntime, soundfile, spacy, thinc, transformers, gatekeeper (pyproject.toml)
numpy==2.5.3 ; python_full_version >= '3.12'  # via blis, ctranslate2, kokoro, onnxruntime, soundfile, spacy, thinc, transformers, gatekeeper (pyproject.toml)
onnxruntime==1.30.0       # via faster-whisper
orjson==3.12.0            # via reolink-aio
packaging==26.3           # via huggingface-hub, onnxruntime, spacy, thinc, transformers, weasel
paho-mqtt==2.1.0          # via gatekeeper (pyproject.toml)
phonemizer-fork==3.3.2    # via misaki
preshed==3.0.13           # via spacy, thinc
propcache==0.5.4          # via aiohttp, yarl
protobuf==7.36.2          # via onnxruntime
pycparser==3.0 ; implementation_name != 'PyPy'  # via cffi
pycryptodomex==3.23.0     # via reolink-aio
pydantic==2.13.5          # via pydantic-settings, spacy, thinc, weasel
pydantic-core==2.46.5     # via pydantic
pydantic-settings==2.15.0  # via gatekeeper (pyproject.toml)
pyee==13.0.1 ; python_full_version < '3.12'  # via aiortc
pyee==14.0.0 ; python_full_version >= '3.12'  # via aiortc
pygments==2.21.0          # via rich
pylibsrtp==1.0.0          # via aiortc
pyopenssl==26.4.0         # via aiortc
pyparsing==3.3.3          # via rdflib
python-dateutil==2.9.0.post0  # via csvw
python-dotenv==1.2.4      # via pydantic-settings
pyyaml==6.0.3             # via ctranslate2, huggingface-hub, transformers
rdflib==7.6.0             # via csvw
referencing==0.37.0       # via jsonschema, jsonschema-specifications
regex==2026.9.29          # via curated-tokenizers, misaki, segments, transformers
reolink-aio==0.21.17      # via gatekeeper (pyproject.toml)
requests==2.34.2          # via spacy
rfc3986==1.5.0            # via csvw
rich==15.0.0              # via typer
rpds-py==2026.6.3         # via jsonschema, referencing
safetensors==0.8.0        # via transformers
segments==2.4.0           # via phonemizer-fork
setuptools==84.0.0        # via spacy, thinc, torch
shellingham==1.5.4        # via typer
six==1.17.0               # via python-dateutil
smart-open==8.0.2         # via weasel
soundfile==0.14.0         # via gatekeeper (pyproject.toml)
spacy==3.8.16             # via misaki
spacy-curated-transformers==0.3.1  # via misaki
spacy-legacy==3.0.12      # via spacy
spacy-loggers==1.0.5      # via spacy
srsly==2.5.4              # via spacy, thinc, weasel
sympy==1.14.0             # via torch
termcolor==3.3.0          # via csvw
thinc==8.3.13             # via spacy
tokenizers==0.23.2        # via faster-whisper, transformers
torch==2.14.1 ; sys_platform == 'darwin'  # via curated-transformers, kokoro, spacy-curated-transformers
torch==2.14.1+cpu ; sys_platform != 'darwin'  # via curated-transformers, kokoro, spacy-curated-transformers
tqdm==4.70.1              # via faster-whisper, huggingface-hub, spacy, transformers
transformers==5.18.0      # via kokoro
typer==0.27.2             # via spacy, transformers, weasel
typing-extensions==4.16.0  # via aiohttp, aiosignal, anyio, huggingface-hub, phonemizer-fork, pydantic, pydantic-core, pyee, pyopenssl, referencing, reolink-aio, soundfile, torch, typing-inspection
typing-inspection==0.4.4  # via pydantic, pydantic-settings
uritemplate==4.2.0        # via csvw
urllib3==2.8.0            # via requests
wasabi==1.1.3             # via spacy, thinc, weasel
weasel==1.0.0             # via spacy
win32-setctime==1.2.0 ; sys_platform == 'win32'  # via loguru
wrapt==2.5.0              # via smart-open
yarl==1.25.1              # via aiohttp
